
Microsoft Visual Studio Solution File, Format Version 12.00
# Visual Studio Version 16
VisualStudioVersion = 16.0.31424.327
MinimumVisualStudioVersion = 10.0.40219.1
Project("{FAE04EC0-301F-11D3-BF4B-00C04F79EFBC}") = "Rental Hub", "Rental Hub.csproj", "{49CC955C-575E-42E7-898A-D5936F53EEFD}"
EndProject
Global
	GlobalSection(SolutionConfigurationPlatforms) = preSolution
		Debug|Any CPU = Debug|Any CPU
		Release|Any CPU = Release|Any CPU
	EndGlobalSection
	GlobalSection(ProjectConfigurationPlatforms) = postSolution
		{49CC955C-575E-42E7-898A-D5936F53EEFD}.Debug|Any CPU.ActiveCfg = Debug|Any CPU
		{49CC955C-575E-42E7-898A-D5936F53EEFD}.Debug|Any CPU.Build.0 = Debug|Any CPU
		{49CC955C-575E-42E7-898A-D5936F53EEFD}.Release|Any CPU.ActiveCfg = Release|Any CPU
		{49CC955C-575E-42E7-898A-D5936F53EEFD}.Release|Any CPU.Build.0 = Release|Any CPU
	EndGlobalSection
	GlobalSection(SolutionProperties) = preSolution
		HideSolutionNode = FALSE
	EndGlobalSection
	GlobalSection(ExtensibilityGlobals) = postSolution
		SolutionGuid = {82AF8382-EE9B-4EF8-89B4-6A9B40027103}
	EndGlobalSection
EndGlobal
